
Microsoft Visual Studio Solution File, Format Version 11.00
# Visual Studio 2010
Project("{FAE04EC0-301F-11D3-BF4B-00C04F79EFBC}") = "Rob's XNA Phone Library 7.1", "Rob's XNA Phone Library 7.1.csproj", "{4AC7B77E-E549-401A-8A69-B4655E33DECA}"
EndProject
Global
	GlobalSection(SolutionConfigurationPlatforms) = preSolution
		Debug|Windows Phone = Debug|Windows Phone
		Release|Windows Phone = Release|Windows Phone
	EndGlobalSection
	GlobalSection(ProjectConfigurationPlatforms) = postSolution
		{4AC7B77E-E549-401A-8A69-B4655E33DECA}.Debug|Windows Phone.ActiveCfg = Debug|Windows Phone
		{4AC7B77E-E549-401A-8A69-B4655E33DECA}.Debug|Windows Phone.Build.0 = Debug|Windows Phone
		{4AC7B77E-E549-401A-8A69-B4655E33DECA}.Release|Windows Phone.ActiveCfg = Release|Windows Phone
		{4AC7B77E-E549-401A-8A69-B4655E33DECA}.Release|Windows Phone.Build.0 = Release|Windows Phone
	EndGlobalSection
	GlobalSection(SolutionProperties) = preSolution
		HideSolutionNode = FALSE
	EndGlobalSection
EndGlobal
